
Microsoft Visual Studio Solution File, Format Version 12.00
# Visual Studio Version 16
VisualStudioVersion = 16.0.29123.88
MinimumVisualStudioVersion = 10.0.40219.1
Project("{FAE04EC0-301F-11D3-BF4B-00C04F79EFBC}") = "zhou.Admin", "zhou.Admin\zhou.Admin.csproj", "{24C9E0D3-988A-4C3D-A18A-40AE780147DA}"
EndProject
Global
	GlobalSection(SolutionConfigurationPlatforms) = preSolution
		Debug|Any CPU = Debug|Any CPU
		Release|Any CPU = Release|Any CPU
	EndGlobalSection
	GlobalSection(ProjectConfigurationPlatforms) = postSolution
		{24C9E0D3-988A-4C3D-A18A-40AE780147DA}.Debug|Any CPU.ActiveCfg = Debug|Any CPU
		{24C9E0D3-988A-4C3D-A18A-40AE780147DA}.Debug|Any CPU.Build.0 = Debug|Any CPU
		{24C9E0D3-988A-4C3D-A18A-40AE780147DA}.Release|Any CPU.ActiveCfg = Release|Any CPU
		{24C9E0D3-988A-4C3D-A18A-40AE780147DA}.Release|Any CPU.Build.0 = Release|Any CPU
	EndGlobalSection
	GlobalSection(SolutionProperties) = preSolution
		HideSolutionNode = FALSE
	EndGlobalSection
	GlobalSection(ExtensibilityGlobals) = postSolution
		SolutionGuid = {7EE815F7-B9A3-4D7F-9E76-EE3065CC781F}
	EndGlobalSection
EndGlobal
